schema: '2.0'
stages:
  data_ingestion:
    cmd: python -m src.data_ingestion
    deps:
    - path: config/config.yaml
      hash: md5
      md5: a4c0486e8ad098493a707353a8bb4f79
      size: 698
    - path: config/path_config.py
      hash: md5
      md5: c0412c1950f8f094defc1f80a18ac18d
      size: 1090
    - path: src/data_ingestion.py
      hash: md5
      md5: 148a52b713c6caeaae3eed6dad952e34
      size: 2426
    outs:
    - path: artifacts/raw/raw.csv
      hash: md5
      md5: 922b55cf208d0549792548e5a3cff6f5
      size: 3240604
    - path: artifacts/raw/test.csv
      hash: md5
      md5: 0a16d64b59fe2a99932c000efae0afb9
      size: 655384
    - path: artifacts/raw/train.csv
      hash: md5
      md5: 9282c39cd35eaf76807df6338450039e
      size: 2619561
  data_preprocessing:
    cmd: python -m src.data_preprocessing
    deps:
    - path: artifacts/raw/test.csv
      hash: md5
      md5: 0a16d64b59fe2a99932c000efae0afb9
      size: 655384
    - path: artifacts/raw/train.csv
      hash: md5
      md5: 9282c39cd35eaf76807df6338450039e
      size: 2619561
    - path: config/config.yaml
      hash: md5
      md5: a4c0486e8ad098493a707353a8bb4f79
      size: 698
    - path: config/path_config.py
      hash: md5
      md5: c0412c1950f8f094defc1f80a18ac18d
      size: 1090
    - path: src/data_ingestion.py
      hash: md5
      md5: 148a52b713c6caeaae3eed6dad952e34
      size: 2426
    outs:
    - path: artifacts/preprocessed/label_encoder.pkl
      hash: md5
      md5: 589f0f3cec3c1bfd6d6a8ec09534f15d
      size: 1419
    - path: artifacts/preprocessed/preprocessed_train.npz
      hash: md5
      md5: d84528f5e235f270c022d21df8217082
      size: 322559
    - path: artifacts/preprocessed/preprocessor.pkl
      hash: md5
      md5: 3ae7fe63594453f608f3952976dd9dcc
      size: 3280
  model_training:
    cmd: python -m src.model_training
    deps:
    - path: config/config.yaml
      hash: md5
      md5: a4c0486e8ad098493a707353a8bb4f79
      size: 698
    - path: config/path_config.py
      hash: md5
      md5: c0412c1950f8f094defc1f80a18ac18d
      size: 1090
    - path: src/data_preprocessing.py
      hash: md5
      md5: 3fd60305910c66a2f6482b23b5055cc7
      size: 8780
    outs:
    - path: artifacts/Model/model.pkl
      hash: md5
      md5: 9779c24c61cc7ddf08ce6ca5c7b12389
      size: 134424891
  Model_pusher_gcp:
    cmd: python -m src.Model_pusher_gcp
    deps:
    - path: artifacts\Model\model.pkl
      hash: md5
      md5: 9779c24c61cc7ddf08ce6ca5c7b12389
      size: 134424891
    - path: config/config.yaml
      hash: md5
      md5: a4c0486e8ad098493a707353a8bb4f79
      size: 698
    - path: config\path_config.py
      hash: md5
      md5: c0412c1950f8f094defc1f80a18ac18d
      size: 1090
